// !$*UTF8*$!
{
	archiveVersion = 1;
	classes = {
	};
	objectVersion = 77;
	objects = {

/* Begin PBXContainerItemProxy section */
		053DCF6E2CFDBC1700859D94 /* PBXContainerItemProxy */ = {
			isa = PBXContainerItemProxy;
			containerPortal = 053DCF4F2CFDBC1600859D94 /* Project object */;
			proxyType = 1;
			remoteGlobalIDString = 053DCF562CFDBC1600859D94;
			remoteInfo = Practicegithub;
		};
		053DCF782CFDBC1700859D94 /* PBXContainerItemProxy */ = {
			isa = PBXContainerItemProxy;
			containerPortal = 053DCF4F2CFDBC1600859D94 /* Project object */;
			proxyType = 1;
			remoteGlobalIDString = 053DCF562CFDBC1600859D94;
			remoteInfo = Practicegithub;
		};
/* End PBXContainerItemProxy section */

/* Begin PBXFileReference section */
		053DCF572CFDBC1600859D94 /* Practicegithub.app */ = {isa = PBXFileReference; explicitFileType = wrapper.application; includeInIndex = 0; path = Practicegithub.app; sourceTree = BUILT_PRODUCTS_DIR; };
		053DCF6D2CFDBC1700859D94 /* PracticegithubTests.xctest */ = {isa = PBXFileReference; explicitFileType = wrapper.cfbundle; includeInIndex = 0; path = PracticegithubTests.xctest; sourceTree = BUILT_PRODUCTS_DIR; };
		053DCF772CFDBC1700859D94 /* PracticegithubUITests.xctest */ = {isa = PBXFileReference; explicitFileType = wrapper.cfbundle; includeInIndex = 0; path = PracticegithubUITests.xctest; sourceTree = BUILT_PRODUCTS_DIR; };
/* End PBXFileReference section */

/* Begin PBXFileSystemSynchronizedBuildFileExceptionSet section */
		053DCF7F2CFDBC1700859D94 /* Exceptions for "Practicegithub" folder in "Practicegithub" target */ = {
			isa = PBXFileSystemSynchronizedBuildFileExceptionSet;
			membershipExceptions = (
				Info.plist,
			);
			target = 053DCF562CFDBC1600859D94 /* Practicegithub */;
		};
/* End PBXFileSystemSynchronizedBuildFileExceptionSet section */

/* Begin PBXFileSystemSynchronizedRootGroup section */
		053DCF592CFDBC1600859D94 /* Practicegithub */ = {
			isa = PBXFileSystemSynchronizedRootGroup;
			exceptions = (
				053DCF7F2CFDBC1700859D94 /* Exceptions for "Practicegithub" folder in "Practicegithub" target */,
			);
			path = Practicegithub;
			sourceTree = "<group>";
		};
		053DCF702CFDBC1700859D94 /* PracticegithubTests */ = {
			isa = PBXFileSystemSynchronizedRootGroup;
			path = PracticegithubTests;
			sourceTree = "<group>";
		};
		053DCF7A2CFDBC1700859D94 /* PracticegithubUITests */ = {
			isa = PBXFileSystemSynchronizedRootGroup;
			path = PracticegithubUITests;
			sourceTree = "<group>";
		};
/* End PBXFileSystemSynchronizedRootGroup section */

/* Begin PBXFrameworksBuildPhase section */
		053DCF542CFDBC1600859D94 /* Frameworks */ = {
			isa = PBXFrameworksBuildPhase;
			buildActionMask = 2147483647;
			files = (
			);
			runOnlyForDeploymentPostprocessing = 0;
		};
		053DCF6A2CFDBC1700859D94 /* Frameworks */ = {
			isa = PBXFrameworksBuildPhase;
			buildActionMask = 2147483647;
			files = (
			);
			runOnlyForDeploymentPostprocessing = 0;
		};
		053DCF742CFDBC1700859D94 /* Frameworks */ = {
			isa = PBXFrameworksBuildPhase;
			buildActionMask = 2147483647;
			files = (
			);
			runOnlyForDeploymentPostprocessing = 0;
		};
/* End PBXFrameworksBuildPhase section */

/* Begin PBXGroup section */
		053DCF4E2CFDBC1600859D94 = {
			isa = PBXGroup;
			children = (
				053DCF592CFDBC1600859D94 /* Practicegithub */,
				053DCF702CFDBC1700859D94 /* PracticegithubTests */,
				053DCF7A2CFDBC1700859D94 /* PracticegithubUITests */,
				053DCF582CFDBC1600859D94 /* Products */,
			);
			sourceTree = "<group>";
		};
		053DCF582CFDBC1600859D94 /* Products */ = {
			isa = PBXGroup;
			children = (
				053DCF572CFDBC1600859D94 /* Practicegithub.app */,
				053DCF6D2CFDBC1700859D94 /* PracticegithubTests.xctest */,
				053DCF772CFDBC1700859D94 /* PracticegithubUITests.xctest */,
			);
			name = Products;
			sourceTree = "<group>";
		};
/* End PBXGroup section */

/* Begin PBXNativeTarget section */
		053DCF562CFDBC1600859D94 /* Practicegithub */ = {
			isa = PBXNativeTarget;
			buildConfigurationList = 053DCF802CFDBC1700859D94 /* Build configuration list for PBXNativeTarget "Practicegithub" */;
			buildPhases = (
				053DCF532CFDBC1600859D94 /* Sources */,
				053DCF542CFDBC1600859D94 /* Frameworks */,
				053DCF552CFDBC1600859D94 /* Resources */,
			);
			buildRules = (
			);
			dependencies = (
			);
			fileSystemSynchronizedGroups = (
				053DCF592CFDBC1600859D94 /* Practicegithub */,
			);
			name = Practicegithub;
			packageProductDependencies = (
			);
			productName = Practicegithub;
			productReference = 053DCF572CFDBC1600859D94 /* Practicegithub.app */;
			productType = "com.apple.product-type.application";
		};
		053DCF6C2CFDBC1700859D94 /* PracticegithubTests */ = {
			isa = PBXNativeTarget;
			buildConfigurationList = 053DCF852CFDBC1700859D94 /* Build configuration list for PBXNativeTarget "PracticegithubTests" */;
			buildPhases = (
				053DCF692CFDBC1700859D94 /* Sources */,
				053DCF6A2CFDBC1700859D94 /* Frameworks */,
				053DCF6B2CFDBC1700859D94 /* Resources */,
			);
			buildRules = (
			);
			dependencies = (
				053DCF6F2CFDBC1700859D94 /* PBXTargetDependency */,
			);
			fileSystemSynchronizedGroups = (
				053DCF702CFDBC1700859D94 /* PracticegithubTests */,
			);
			name = PracticegithubTests;
			packageProductDependencies = (
			);
			productName = PracticegithubTests;
			productReference = 053DCF6D2CFDBC1700859D94 /* PracticegithubTests.xctest */;
			productType = "com.apple.product-type.bundle.unit-test";
		};
		053DCF762CFDBC1700859D94 /* PracticegithubUITests */ = {
			isa = PBXNativeTarget;
			buildConfigurationList = 053DCF882CFDBC1700859D94 /* Build configuration list for PBXNativeTarget "PracticegithubUITests" */;
			buildPhases = (
				053DCF732CFDBC1700859D94 /* Sources */,
				053DCF742CFDBC1700859D94 /* Frameworks */,
				053DCF752CFDBC1700859D94 /* Resources */,
			);
			buildRules = (
			);
			dependencies = (
				053DCF792CFDBC1700859D94 /* PBXTargetDependency */,
			);
			fileSystemSynchronizedGroups = (
				053DCF7A2CFDBC1700859D94 /* PracticegithubUITests */,
			);
			name = PracticegithubUITests;
			packageProductDependencies = (
			);
			productName = PracticegithubUITests;
			productReference = 053DCF772CFDBC1700859D94 /* PracticegithubUITests.xctest */;
			productType = "com.apple.product-type.bundle.ui-testing";
		};
/* End PBXNativeTarget section */

/* Begin PBXProject section */
		053DCF4F2CFDBC1600859D94 /* Project object */ = {
			isa = PBXProject;
			attributes = {
				BuildIndependentTargetsInParallel = 1;
				LastSwiftUpdateCheck = 1610;
				LastUpgradeCheck = 1610;
				TargetAttributes = {
					053DCF562CFDBC1600859D94 = {
						CreatedOnToolsVersion = 16.1;
					};
					053DCF6C2CFDBC1700859D94 = {
						CreatedOnToolsVersion = 16.1;
						TestTargetID = 053DCF562CFDBC1600859D94;
					};
					053DCF762CFDBC1700859D94 = {
						CreatedOnToolsVersion = 16.1;
						TestTargetID = 053DCF562CFDBC1600859D94;
					};
				};
			};
			buildConfigurationList = 053DCF522CFDBC1600859D94 /* Build configuration list for PBXProject "Practicegithub" */;
			developmentRegion = en;
			hasScannedForEncodings = 0;
			knownRegions = (
				en,
				Base,
			);
			mainGroup = 053DCF4E2CFDBC1600859D94;
			minimizedProjectReferenceProxies = 1;
			preferredProjectObjectVersion = 77;
			productRefGroup = 053DCF582CFDBC1600859D94 /* Products */;
			projectDirPath = "";
			projectRoot = "";
			targets = (
				053DCF562CFDBC1600859D94 /* Practicegithub */,
				053DCF6C2CFDBC1700859D94 /* PracticegithubTests */,
				053DCF762CFDBC1700859D94 /* PracticegithubUITests */,
			);
		};
/* End PBXProject section */

/* Begin PBXResourcesBuildPhase section */
		053DCF552CFDBC1600859D94 /* Resources */ = {
			isa = PBXResourcesBuildPhase;
			buildActionMask = 2147483647;
			files = (
			);
			runOnlyForDeploymentPostprocessing = 0;
		};
		053DCF6B2CFDBC1700859D94 /* Resources */ = {
			isa = PBXResourcesBuildPhase;
			buildActionMask = 2147483647;
			files = (
			);
			runOnlyForDeploymentPostprocessing = 0;
		};
		053DCF752CFDBC1700859D94 /* Resources */ = {
			isa = PBXResourcesBuildPhase;
			buildActionMask = 2147483647;
			files = (
			);
			runOnlyForDeploymentPostprocessing = 0;
		};
/* End PBXResourcesBuildPhase section */

/* Begin PBXSourcesBuildPhase section */
		053DCF532CFDBC1600859D94 /* Sources */ = {
			isa = PBXSourcesBuildPhase;
			buildActionMask = 2147483647;
			files = (
			);
			runOnlyForDeploymentPostprocessing = 0;
		};
		053DCF692CFDBC1700859D94 /* Sources */ = {
			isa = PBXSourcesBuildPhase;
			buildActionMask = 2147483647;
			files = (
			);
			runOnlyForDeploymentPostprocessing = 0;
		};
		053DCF732CFDBC1700859D94 /* Sources */ = {
			isa = PBXSourcesBuildPhase;
			buildActionMask = 2147483647;
			files = (
			);
			runOnlyForDeploymentPostprocessing = 0;
		};
/* End PBXSourcesBuildPhase section */

/* Begin PBXTargetDependency section */
		053DCF6F2CFDBC1700859D94 /* PBXTargetDependency */ = {
			isa = PBXTargetDependency;
			target = 053DCF562CFDBC1600859D94 /* Practicegithub */;
			targetProxy = 053DCF6E2CFDBC1700859D94 /* PBXContainerItemProxy */;
		};
		053DCF792CFDBC1700859D94 /* PBXTargetDependency */ = {
			isa = PBXTargetDependency;
			target = 053DCF562CFDBC1600859D94 /* Practicegithub */;
			targetProxy = 053DCF782CFDBC1700859D94 /* PBXContainerItemProxy */;
		};
/* End PBXTargetDependency section */

/* Begin XCBuildConfiguration section */
		053DCF812CFDBC1700859D94 /* Debug */ = {
			isa = XCBuildConfiguration;
			buildSettings = {
				ASSETCATALOG_COMPILER_APPICON_NAME = AppIcon;
				ASSETCATALOG_COMPILER_GLOBAL_ACCENT_COLOR_NAME = AccentColor;
				CODE_SIGN_STYLE = Automatic;
				CURRENT_PROJECT_VERSION = 1;
				GENERATE_INFOPLIST_FILE = YES;
				INFOPLIST_FILE = Practicegithub/Info.plist;
				INFOPLIST_KEY_UIApplicationSupportsIndirectInputEvents = YES;
				INFOPLIST_KEY_UILaunchStoryboardName = LaunchScreen;
				INFOPLIST_KEY_UIMainStoryboardFile = Main;
				INFOPLIST_KEY_UISupportedInterfaceOrientations_iPad = "UIInterfaceOrientationPortrait UIInterfaceOrientationPortraitUpsideDown UIInterfaceOrientationLandscapeLeft UIInterfaceOrientationLandscapeRight";
				INFOPLIST_KEY_UISupportedInterfaceOrientations_iPhone = "UIInterfaceOrientationPortrait UIInterfaceOrientationLandscapeLeft UIInterfaceOrientationLandscapeRight";
				LD_RUNPATH_SEARCH_PATHS = (
					"$(inherited)",
					"@executable_path/Frameworks",
				);
				MARKETING_VERSION = 1.0;
				PRODUCT_BUNDLE_IDENTIFIER = com.example.Practicegithub;
				PRODUCT_NAME = "$(TARGET_NAME)";
				SWIFT_EMIT_LOC_STRINGS = YES;
				SWIFT_VERSION = 5.0;
				TARGETED_DEVICE_FAMILY = "1,2";
			};
			name = Debug;
		};
		053DCF822CFDBC1700859D94 /* Release */ = {
			isa = XCBuildConfiguration;
			buildSettings = {
				ASSETCATALOG_COMPILER_APPICON_NAME = AppIcon;
				ASSETCATALOG_COMPILER_GLOBAL_ACCENT_COLOR_NAME = AccentColor;
				CODE_SIGN_STYLE = Automatic;
				CURRENT_PROJECT_VERSION = 1;
				GENERATE_INFOPLIST_FILE = YES;
				INFOPLIST_FILE = Practicegithub/Info.plist;
				INFOPLIST_KEY_UIApplicationSupportsIndirectInputEvents = YES;
				INFOPLIST_KEY_UILaunchStoryboardName = LaunchScreen;
				INFOPLIST_KEY_UIMainStoryboardFile = Main;
				INFOPLIST_KEY_UISupportedInterfaceOrientations_iPad = "UIInterfaceOrientationPortrait UIInterfaceOrientationPortraitUpsideDown UIInterfaceOrientationLandscapeLeft UIInterfaceOrientationLandscapeRight";
				INFOPLIST_KEY_UISupportedInterfaceOrientations_iPhone = "UIInterfaceOrientationPortrait UIInterfaceOrientationLandscapeLeft UIInterfaceOrientationLandscapeRight";
				LD_RUNPATH_SEARCH_PATHS = (
					"$(inherited)",
					"@executable_path/Frameworks",
				);
				MARKETING_VERSION = 1.0;
				PRODUCT_BUNDLE_IDENTIFIER = com.example.Practicegithub;
				PRODUCT_NAME = "$(TARGET_NAME)";
				SWIFT_EMIT_LOC_STRINGS = YES;
				SWIFT_VERSION = 5.0;
				TARGETED_DEVICE_FAMILY = "1,2";
			};
			name = Release;
		};
		053DCF832CFDBC1700859D94 /* Debug */ = {
			isa = XCBuildConfiguration;
			buildSettings = {
				ALWAYS_SEARCH_USER_PATHS = NO;
				ASSETCATALOG_COMPILER_GENERATE_SWIFT_ASSET_SYMBOL_EXTENSIONS = YES;
				CLANG_ANALYZER_NONNULL = YES;
				CLANG_ANALYZER_NUMBER_OBJECT_CONVERSION = YES_AGGRESSIVE;
				CLANG_CXX_LANGUAGE_STANDARD = "gnu++20";
				CLANG_ENABLE_MODULES = YES;
				CLANG_ENABLE_OBJC_ARC = YES;
				CLANG_ENABLE_OBJC_WEAK = YES;
				CLANG_WARN_BLOCK_CAPTURE_AUTORELEASING = YES;
				CLANG_WARN_BOOL_CONVERSION = YES;
				CLANG_WARN_COMMA = YES;
				CLANG_WARN_CONSTANT_CONVERSION = YES;
				CLANG_WARN_DEPRECATED_OBJC_IMPLEMENTATIONS = YES;
				CLANG_WARN_DIRECT_OBJC_ISA_USAGE = YES_ERROR;
				CLANG_WARN_DOCUMENTATION_COMMENTS = YES;
				CLANG_WARN_EMPTY_BODY = YES;
				CLANG_WARN_ENUM_CONVERSION = YES;
				CLANG_WARN_INFINITE_RECURSION = YES;
				CLANG_WARN_INT_CONVERSION = YES;
				CLANG_WARN_NON_LITERAL_NULL_CONVERSION = YES;
				CLANG_WARN_OBJC_IMPLICIT_RETAIN_SELF = YES;
				CLANG_WARN_OBJC_LITERAL_CONVERSION = YES;
				CLANG_WARN_OBJC_ROOT_CLASS = YES_ERROR;
				CLANG_WARN_QUOTED_INCLUDE_IN_FRAMEWORK_HEADER = YES;
				CLANG_WARN_RANGE_LOOP_ANALYSIS = YES;
				CLANG_WARN_STRICT_PROTOTYPES = YES;
				CLANG_WARN_SUSPICIOUS_MOVE = YES;
				CLANG_WARN_UNGUARDED_AVAILABILITY = YES_AGGRESSIVE;
				CLANG_WARN_UNREACHABLE_CODE = YES;
				CLANG_WARN__DUPLICATE_METHOD_MATCH = YES;
				COPY_PHASE_STRIP = NO;
				DEBUG_INFORMATION_FORMAT = dwarf;
				ENABLE_STRICT_OBJC_MSGSEND = YES;
				ENABLE_TESTABILITY = YES;
				ENABLE_USER_SCRIPT_SANDBOXING = YES;
				GCC_C_LANGUAGE_STANDARD = gnu17;
				GCC_DYNAMIC_NO_PIC = NO;
				GCC_NO_COMMON_BLOCKS = YES;
				GCC_OPTIMIZATION_LEVEL = 0;
				GCC_PREPROCESSOR_DEFINITIONS = (
					"DEBUG=1",
					"$(inherited)",
				);
				GCC_WARN_64_TO_32_BIT_CONVERSION = YES;
				GCC_WARN_ABOUT_RETURN_TYPE = YES_ERROR;
				GCC_WARN_UNDECLARED_SELECTOR = YES;
				GCC_WARN_UNINITIALIZED_AUTOS = YES_AGGRESSIVE;
				GCC_WARN_UNUSED_FUNCTION = YES;
				GCC_WARN_UNUSED_VARIABLE = YES;
				IPHONEOS_DEPLOYMENT_TARGET = 18.1;
				LOCALIZATION_PREFERS_STRING_CATALOGS = YES;
				MTL_ENABLE_DEBUG_INFO = INCLUDE_SOURCE;
				MTL_FAST_MATH = YES;
				ONLY_ACTIVE_ARCH = YES;
				SDKROOT = iphoneos;
				SWIFT_ACTIVE_COMPILATION_CONDITIONS = "DEBUG $(inherited)";
				SWIFT_OPTIMIZATION_LEVEL = "-Onone";
			};
			name = Debug;
		};
		053DCF842CFDBC1700859D94 /* Release */ = {
			isa = XCBuildConfiguration;
			buildSettings = {
				ALWAYS_SEARCH_USER_PATHS = NO;
				ASSETCATALOG_COMPILER_GENERATE_SWIFT_ASSET_SYMBOL_EXTENSIONS = YES;
				CLANG_ANALYZER_NONNULL = YES;
				CLANG_ANALYZER_NUMBER_OBJECT_CONVERSION = YES_AGGRESSIVE;
				CLANG_CXX_LANGUAGE_STANDARD = "gnu++20";
				CLANG_ENABLE_MODULES = YES;
				CLANG_ENABLE_OBJC_ARC = YES;
				CLANG_ENABLE_OBJC_WEAK = YES;
				CLANG_WARN_BLOCK_CAPTURE_AUTORELEASING = YES;
				CLANG_WARN_BOOL_CONVERSION = YES;
				CLANG_WARN_COMMA = YES;
				CLANG_WARN_CONSTANT_CONVERSION = YES;
				CLANG_WARN_DEPRECATED_OBJC_IMPLEMENTATIONS = YES;
				CLANG_WARN_DIRECT_OBJC_ISA_USAGE = YES_ERROR;
				CLANG_WARN_DOCUMENTATION_COMMENTS = YES;
				CLANG_WARN_EMPTY_BODY = YES;
				CLANG_WARN_ENUM_CONVERSION = YES;
				CLANG_WARN_INFINITE_RECURSION = YES;
				CLANG_WARN_INT_CONVERSION = YES;
				CLANG_WARN_NON_LITERAL_NULL_CONVERSION = YES;
				CLANG_WARN_OBJC_IMPLICIT_RETAIN_SELF = YES;
				CLANG_WARN_OBJC_LITERAL_CONVERSION = YES;
				CLANG_WARN_OBJC_ROOT_CLASS = YES_ERROR;
				CLANG_WARN_QUOTED_INCLUDE_IN_FRAMEWORK_HEADER = YES;
				CLANG_WARN_RANGE_LOOP_ANALYSIS = YES;
				CLANG_WARN_STRICT_PROTOTYPES = YES;
				CLANG_WARN_SUSPICIOUS_MOVE = YES;
				CLANG_WARN_UNGUARDED_AVAILABILITY = YES_AGGRESSIVE;
				CLANG_WARN_UNREACHABLE_CODE = YES;
				CLANG_WARN__DUPLICATE_METHOD_MATCH = YES;
				COPY_PHASE_STRIP = NO;
				DEBUG_INFORMATION_FORMAT = "dwarf-with-dsym";
				ENABLE_NS_ASSERTIONS = NO;
				ENABLE_STRICT_OBJC_MSGSEND = YES;
				ENABLE_USER_SCRIPT_SANDBOXING = YES;
				GCC_C_LANGUAGE_STANDARD = gnu17;
				GCC_NO_COMMON_BLOCKS = YES;
				GCC_WARN_64_TO_32_BIT_CONVERSION = YES;
				GCC_WARN_ABOUT_RETURN_TYPE = YES_ERROR;
				GCC_WARN_UNDECLARED_SELECTOR = YES;
				GCC_WARN_UNINITIALIZED_AUTOS = YES_AGGRESSIVE;
				GCC_WARN_UNUSED_FUNCTION = YES;
				GCC_WARN_UNUSED_VARIABLE = YES;
				IPHONEOS_DEPLOYMENT_TARGET = 18.1;
				LOCALIZATION_PREFERS_STRING_CATALOGS = YES;
				MTL_ENABLE_DEBUG_INFO = NO;
				MTL_FAST_MATH = YES;
				SDKROOT = iphoneos;
				SWIFT_COMPILATION_MODE = wholemodule;
				VALIDATE_PRODUCT = YES;
			};
			name = Release;
		};
		053DCF862CFDBC1700859D94 /* Debug */ = {
			isa = XCBuildConfiguration;
			buildSettings = {
				BUNDLE_LOADER = "$(TEST_HOST)";
				CODE_SIGN_STYLE = Automatic;
				CURRENT_PROJECT_VERSION = 1;
				GENERATE_INFOPLIST_FILE = YES;
				IPHONEOS_DEPLOYMENT_TARGET = 18.1;
				MARKETING_VERSION = 1.0;
				PRODUCT_BUNDLE_IDENTIFIER = com.example.PracticegithubTests;
				PRODUCT_NAME = "$(TARGET_NAME)";
				SWIFT_EMIT_LOC_STRINGS = NO;
				SWIFT_VERSION = 5.0;
				TARGETED_DEVICE_FAMILY = "1,2";
				TEST_HOST = "$(BUILT_PRODUCTS_DIR)/Practicegithub.app/$(BUNDLE_EXECUTABLE_FOLDER_PATH)/Practicegithub";
			};
			name = Debug;
		};
		053DCF872CFDBC1700859D94 /* Release */ = {
			isa = XCBuildConfiguration;
			buildSettings = {
				BUNDLE_LOADER = "$(TEST_HOST)";
				CODE_SIGN_STYLE = Automatic;
				CURRENT_PROJECT_VERSION = 1;
				GENERATE_INFOPLIST_FILE = YES;
				IPHONEOS_DEPLOYMENT_TARGET = 18.1;
				MARKETING_VERSION = 1.0;
				PRODUCT_BUNDLE_IDENTIFIER = com.example.PracticegithubTests;
				PRODUCT_NAME = "$(TARGET_NAME)";
				SWIFT_EMIT_LOC_STRINGS = NO;
				SWIFT_VERSION = 5.0;
				TARGETED_DEVICE_FAMILY = "1,2";
				TEST_HOST = "$(BUILT_PRODUCTS_DIR)/Practicegithub.app/$(BUNDLE_EXECUTABLE_FOLDER_PATH)/Practicegithub";
			};
			name = Release;
		};
		053DCF892CFDBC1700859D94 /* Debug */ = {
			isa = XCBuildConfiguration;
			buildSettings = {
				CODE_SIGN_STYLE = Automatic;
				CURRENT_PROJECT_VERSION = 1;
				GENERATE_INFOPLIST_FILE = YES;
				MARKETING_VERSION = 1.0;
				PRODUCT_BUNDLE_IDENTIFIER = com.example.PracticegithubUITests;
				PRODUCT_NAME = "$(TARGET_NAME)";
				SWIFT_EMIT_LOC_STRINGS = NO;
				SWIFT_VERSION = 5.0;
				TARGETED_DEVICE_FAMILY = "1,2";
				TEST_TARGET_NAME = Practicegithub;
			};
			name = Debug;
		};
		053DCF8A2CFDBC1700859D94 /* Release */ = {
			isa = XCBuildConfiguration;
			buildSettings = {
				CODE_SIGN_STYLE = Automatic;
				CURRENT_PROJECT_VERSION = 1;
				GENERATE_INFOPLIST_FILE = YES;
				MARKETING_VERSION = 1.0;
				PRODUCT_BUNDLE_IDENTIFIER = com.example.PracticegithubUITests;
				PRODUCT_NAME = "$(TARGET_NAME)";
				SWIFT_EMIT_LOC_STRINGS = NO;
				SWIFT_VERSION = 5.0;
				TARGETED_DEVICE_FAMILY = "1,2";
				TEST_TARGET_NAME = Practicegithub;
			};
			name = Release;
		};
/* End XCBuildConfiguration section */

/* Begin XCConfigurationList section */
		053DCF522CFDBC1600859D94 /* Build configuration list for PBXProject "Practicegithub" */ = {
			isa = XCConfigurationList;
			buildConfigurations = (
				053DCF832CFDBC1700859D94 /* Debug */,
				053DCF842CFDBC1700859D94 /* Release */,
			);
			defaultConfigurationIsVisible = 0;
			defaultConfigurationName = Release;
		};
		053DCF802CFDBC1700859D94 /* Build configuration list for PBXNativeTarget "Practicegithub" */ = {
			isa = XCConfigurationList;
			buildConfigurations = (
				053DCF812CFDBC1700859D94 /* Debug */,
				053DCF822CFDBC1700859D94 /* Release */,
			);
			defaultConfigurationIsVisible = 0;
			defaultConfigurationName = Release;
		};
		053DCF852CFDBC1700859D94 /* Build configuration list for PBXNativeTarget "PracticegithubTests" */ = {
			isa = XCConfigurationList;
			buildConfigurations = (
				053DCF862CFDBC1700859D94 /* Debug */,
				053DCF872CFDBC1700859D94 /* Release */,
			);
			defaultConfigurationIsVisible = 0;
			defaultConfigurationName = Release;
		};
		053DCF882CFDBC1700859D94 /* Build configuration list for PBXNativeTarget "PracticegithubUITests" */ = {
			isa = XCConfigurationList;
			buildConfigurations = (
				053DCF892CFDBC1700859D94 /* Debug */,
				053DCF8A2CFDBC1700859D94 /* Release */,
			);
			defaultConfigurationIsVisible = 0;
			defaultConfigurationName = Release;
		};
/* End XCConfigurationList section */
	};
	rootObject = 053DCF4F2CFDBC1600859D94 /* Project object */;
}
